
Microsoft Visual Studio Solution File, Format Version 12.00
# Visual Studio Version 16
VisualStudioVersion = 16.0.29009.5
MinimumVisualStudioVersion = 10.0.40219.1
Project("{8BC9CEB8-8B4A-11D0-8D11-00A0C91BC942}") = "pc-scoket-vs", "pc-scoket-vs.vcxproj", "{613E5B29-7ABD-4BF7-83F2-32AE05DE05A5}"
EndProject
Project("{8BC9CEB8-8B4A-11D0-8D11-00A0C91BC942}") = "libAlarmLL", "..\libAlarmLL\libAlarmLL.vcxproj", "{44660A35-98F7-41B7-AD57-02FA070E3137}"
EndProject
Project("{8BC9CEB8-8B4A-11D0-8D11-00A0C91BC942}") = "libStaticAlarm", "..\libStaticAlarm\libStaticAlarm.vcxproj", "{5B488454-108B-4E4C-A422-9A5A4CA0BE8D}"
EndProject
Global
	GlobalSection(SolutionConfigurationPlatforms) = preSolution
		Debug|x64 = Debug|x64
		Debug|x86 = Debug|x86
		Release|x64 = Release|x64
		Release|x86 = Release|x86
	EndGlobalSection
	GlobalSection(ProjectConfigurationPlatforms) = postSolution
		{613E5B29-7ABD-4BF7-83F2-32AE05DE05A5}.Debug|x64.ActiveCfg = Debug|x64
		{613E5B29-7ABD-4BF7-83F2-32AE05DE05A5}.Debug|x64.Build.0 = Debug|x64
		{613E5B29-7ABD-4BF7-83F2-32AE05DE05A5}.Debug|x86.ActiveCfg = Debug|Win32
		{613E5B29-7ABD-4BF7-83F2-32AE05DE05A5}.Debug|x86.Build.0 = Debug|Win32
		{613E5B29-7ABD-4BF7-83F2-32AE05DE05A5}.Release|x64.ActiveCfg = Release|x64
		{613E5B29-7ABD-4BF7-83F2-32AE05DE05A5}.Release|x64.Build.0 = Release|x64
		{613E5B29-7ABD-4BF7-83F2-32AE05DE05A5}.Release|x86.ActiveCfg = Release|Win32
		{613E5B29-7ABD-4BF7-83F2-32AE05DE05A5}.Release|x86.Build.0 = Release|Win32
		{44660A35-98F7-41B7-AD57-02FA070E3137}.Debug|x64.ActiveCfg = Debug|x64
		{44660A35-98F7-41B7-AD57-02FA070E3137}.Debug|x64.Build.0 = Debug|x64
		{44660A35-98F7-41B7-AD57-02FA070E3137}.Debug|x86.ActiveCfg = Debug|Win32
		{44660A35-98F7-41B7-AD57-02FA070E3137}.Debug|x86.Build.0 = Debug|Win32
		{44660A35-98F7-41B7-AD57-02FA070E3137}.Release|x64.ActiveCfg = Release|x64
		{44660A35-98F7-41B7-AD57-02FA070E3137}.Release|x64.Build.0 = Release|x64
		{44660A35-98F7-41B7-AD57-02FA070E3137}.Release|x86.ActiveCfg = Release|Win32
		{44660A35-98F7-41B7-AD57-02FA070E3137}.Release|x86.Build.0 = Release|Win32
		{5B488454-108B-4E4C-A422-9A5A4CA0BE8D}.Debug|x64.ActiveCfg = Debug|x64
		{5B488454-108B-4E4C-A422-9A5A4CA0BE8D}.Debug|x64.Build.0 = Debug|x64
		{5B488454-108B-4E4C-A422-9A5A4CA0BE8D}.Debug|x86.ActiveCfg = Debug|Win32
		{5B488454-108B-4E4C-A422-9A5A4CA0BE8D}.Debug|x86.Build.0 = Debug|Win32
		{5B488454-108B-4E4C-A422-9A5A4CA0BE8D}.Release|x64.ActiveCfg = Release|x64
		{5B488454-108B-4E4C-A422-9A5A4CA0BE8D}.Release|x64.Build.0 = Release|x64
		{5B488454-108B-4E4C-A422-9A5A4CA0BE8D}.Release|x86.ActiveCfg = Release|Win32
		{5B488454-108B-4E4C-A422-9A5A4CA0BE8D}.Release|x86.Build.0 = Release|Win32
	EndGlobalSection
	GlobalSection(SolutionProperties) = preSolution
		HideSolutionNode = FALSE
	EndGlobalSection
	GlobalSection(ExtensibilityGlobals) = postSolution
		SolutionGuid = {0A1E1C8C-B8A7-4745-BED1-36ECD2AAC0BC}
	EndGlobalSection
EndGlobal
